
Microsoft Visual Studio Solution File, Format Version 11.00
# Visual Studio 2010
Project("{FAE04EC0-301F-11D3-BF4B-00C04F79EFBC}") = "MSSQLDB", "..\MSSQLDB\MSSQLDB.csproj", "{7C765658-1C2D-40D2-8388-1DF1790A3FED}"
EndProject
Project("{FAE04EC0-301F-11D3-BF4B-00C04F79EFBC}") = "CommonUtils", "..\CommonUtils\CommonUtils.csproj", "{AB19409B-693D-4EFB-A445-C8B4820A1C27}"
EndProject
Project("{FAE04EC0-301F-11D3-BF4B-00C04F79EFBC}") = "WebSite.Core", "WebSite.Core\WebSite.Core.csproj", "{7546EC99-7F73-43AD-B490-79F8317D1A93}"
EndProject
Project("{FAE04EC0-301F-11D3-BF4B-00C04F79EFBC}") = "WebSite.Models", "WebSite.Models\WebSite.Models.csproj", "{1B72B5F7-3BB9-4B2D-9ACF-549068199890}"
EndProject
Project("{FAE04EC0-301F-11D3-BF4B-00C04F79EFBC}") = "WebSite.Expansion", "WebSite.Expansion\WebSite.Expansion.csproj", "{BB1454E6-E89F-4CBF-A1CB-AFF7A18E8054}"
EndProject
Project("{FAE04EC0-301F-11D3-BF4B-00C04F79EFBC}") = "WebSite.BackgroundPages", "WebSite.BackgroundPages\WebSite.BackgroundPages.csproj", "{19FED993-15C2-450B-802E-4ED28D5FAC7D}"
EndProject
Project("{FAE04EC0-301F-11D3-BF4B-00C04F79EFBC}") = "WebSite.Controls", "..\WebSite.Controls\WebSite.Controls.csproj", "{501C2DC1-5E0E-44F4-8C81-93584BCB8CE9}"
EndProject
Project("{FAE04EC0-301F-11D3-BF4B-00C04F79EFBC}") = "WebSite.Interface", "..\WebSite.Interface\WebSite.Interface.csproj", "{4AB63BB5-01B1-42BA-912C-9A6BA704CBCF}"
EndProject
Project("{FAE04EC0-301F-11D3-BF4B-00C04F79EFBC}") = "WebSite.UserCenter", "WebSite.UserCenter\WebSite.UserCenter.csproj", "{99403958-E8B9-4316-807C-39DA6B32771E}"
EndProject
Project("{FAE04EC0-301F-11D3-BF4B-00C04F79EFBC}") = "WebSite.Plugins", "WebSite.Plugins\WebSite.Plugins.csproj", "{6C8F9E65-A819-467D-BEA2-91049CFE459A}"
EndProject
Project("{FAE04EC0-301F-11D3-BF4B-00C04F79EFBC}") = "WebSite.DAL", "WebSite.DAL\WebSite.DAL.csproj", "{7A5134D6-1FFF-40B4-9F68-EC8E1F4D5185}"
EndProject
Project("{E24C65DC-7377-472B-9ABA-BC803B73C61A}") = "Web(SQL版)", "WEB\Web(SQL版)\", "{0A78C035-2134-45DA-BE36-8B2B09FED86D}"
	ProjectSection(WebsiteProperties) = preProject
		TargetFrameworkMoniker = ".NETFramework,Version%3Dv4.0"
		ProjectReferences = "{AB19409B-693D-4EFB-A445-C8B4820A1C27}|CommonUtils.dll;{7C765658-1C2D-40D2-8388-1DF1790A3FED}|MSSQLDB.dll;{19FED993-15C2-450B-802E-4ED28D5FAC7D}|WebSite.BackgroundPages.dll;{501C2DC1-5E0E-44F4-8C81-93584BCB8CE9}|WebSite.Controls.dll;{7546EC99-7F73-43AD-B490-79F8317D1A93}|WebSite.Core.dll;{7A5134D6-1FFF-40B4-9F68-EC8E1F4D5185}|WebSite.DAL.dll;{BB1454E6-E89F-4CBF-A1CB-AFF7A18E8054}|WebSite.Expansion.dll;{4AB63BB5-01B1-42BA-912C-9A6BA704CBCF}|WebSite.Interface.dll;{1B72B5F7-3BB9-4B2D-9ACF-549068199890}|WebSite.Models.dll;{6C8F9E65-A819-467D-BEA2-91049CFE459A}|WebSite.Plugins.dll;{99403958-E8B9-4316-807C-39DA6B32771E}|WebSite.UserCenter.dll;{672BF23A-1A69-4E89-9BCB-4E3CA5780541}|FastReflectionLib.dll;"
		Debug.AspNetCompiler.VirtualPath = "/Web(SQL版)"
		Debug.AspNetCompiler.PhysicalPath = "WEB\Web(SQL版)\"
		Debug.AspNetCompiler.TargetPath = "PrecompiledWeb\Web(SQL版)\"
		Debug.AspNetCompiler.Updateable = "true"
		Debug.AspNetCompiler.ForceOverwrite = "true"
		Debug.AspNetCompiler.FixedNames = "false"
		Debug.AspNetCompiler.Debug = "True"
		Release.AspNetCompiler.VirtualPath = "/Web(SQL版)"
		Release.AspNetCompiler.PhysicalPath = "WEB\Web(SQL版)\"
		Release.AspNetCompiler.TargetPath = "PrecompiledWeb\Web(SQL版)\"
		Release.AspNetCompiler.Updateable = "true"
		Release.AspNetCompiler.ForceOverwrite = "true"
		Release.AspNetCompiler.FixedNames = "false"
		Release.AspNetCompiler.Debug = "False"
		VWDPort = "65126"
		VWDVirtualPath = "/"
	EndProjectSection
EndProject
Project("{FAE04EC0-301F-11D3-BF4B-00C04F79EFBC}") = "FastReflectionLib", "..\FastReflectionLib\FastReflectionLib.csproj", "{672BF23A-1A69-4E89-9BCB-4E3CA5780541}"
EndProject
Project("{2150E333-8FDC-42A3-9474-1A3956D46DE8}") = "base", "base", "{A3C4F46C-4406-4FF4-AF81-D20F7CC0D08F}"
EndProject
Project("{2150E333-8FDC-42A3-9474-1A3956D46DE8}") = "DTcms_30", "DTcms_30", "{459C0B54-9AAD-4A67-8A07-9AEC3B02E178}"
EndProject
Project("{FAE04EC0-301F-11D3-BF4B-00C04F79EFBC}") = "DTcms.API", "DTcms_30\DTcms.API\DTcms.API.csproj", "{E824FFCC-705E-4CF6-8710-142395937FCB}"
EndProject
Project("{FAE04EC0-301F-11D3-BF4B-00C04F79EFBC}") = "DTcms.BLL", "DTcms_30\DTcms.BLL\DTcms.BLL.csproj", "{EC27BBA4-030C-4853-9FB2-A075654B28FA}"
EndProject
Project("{FAE04EC0-301F-11D3-BF4B-00C04F79EFBC}") = "DTcms.Common", "DTcms_30\DTcms.Common\DTcms.Common.csproj", "{20908989-7773-493B-B1BD-764BE322A935}"
EndProject
Project("{FAE04EC0-301F-11D3-BF4B-00C04F79EFBC}") = "DTcms.DAL", "DTcms_30\DTcms.DAL\DTcms.DAL.csproj", "{A587C7B0-981B-4BBE-8B8E-462D477C48E4}"
EndProject
Project("{FAE04EC0-301F-11D3-BF4B-00C04F79EFBC}") = "DTcms.DBUtility", "DTcms_30\DTcms.DBUtility\DTcms.DBUtility.csproj", "{2CFDFCA0-A3FC-4DDE-8448-1769A6E24825}"
EndProject
Project("{FAE04EC0-301F-11D3-BF4B-00C04F79EFBC}") = "DTcms.Model", "DTcms_30\DTcms.Model\DTcms.Model.csproj", "{59E451EA-4E7A-408A-9F5C-36F2AC8D90AD}"
EndProject
Project("{FAE04EC0-301F-11D3-BF4B-00C04F79EFBC}") = "DTcms.Web.UI", "DTcms_30\DTcms.Web.UI\DTcms.Web.UI.csproj", "{F2391E96-3195-4F5C-8941-8D3FFFE0B4BC}"
EndProject
Project("{FAE04EC0-301F-11D3-BF4B-00C04F79EFBC}") = "DTcms.Web", "DTcms_30\DTcms.Web\DTcms.Web.csproj", "{6DB1BDD3-4EE3-4259-B459-62F54591995E}"
EndProject
Global
	GlobalSection(SolutionConfigurationPlatforms) = preSolution
		Debug|Any CPU = Debug|Any CPU
		Release|Any CPU = Release|Any CPU
	EndGlobalSection
	GlobalSection(ProjectConfigurationPlatforms) = postSolution
		{7C765658-1C2D-40D2-8388-1DF1790A3FED}.Debug|Any CPU.ActiveCfg = Debug|Any CPU
		{7C765658-1C2D-40D2-8388-1DF1790A3FED}.Debug|Any CPU.Build.0 = Debug|Any CPU
		{7C765658-1C2D-40D2-8388-1DF1790A3FED}.Release|Any CPU.ActiveCfg = Release|Any CPU
		{7C765658-1C2D-40D2-8388-1DF1790A3FED}.Release|Any CPU.Build.0 = Release|Any CPU
		{AB19409B-693D-4EFB-A445-C8B4820A1C27}.Debug|Any CPU.ActiveCfg = Debug|Any CPU
		{AB19409B-693D-4EFB-A445-C8B4820A1C27}.Debug|Any CPU.Build.0 = Debug|Any CPU
		{AB19409B-693D-4EFB-A445-C8B4820A1C27}.Release|Any CPU.ActiveCfg = Release|Any CPU
		{AB19409B-693D-4EFB-A445-C8B4820A1C27}.Release|Any CPU.Build.0 = Release|Any CPU
		{7546EC99-7F73-43AD-B490-79F8317D1A93}.Debug|Any CPU.ActiveCfg = Debug|Any CPU
		{7546EC99-7F73-43AD-B490-79F8317D1A93}.Debug|Any CPU.Build.0 = Debug|Any CPU
		{7546EC99-7F73-43AD-B490-79F8317D1A93}.Release|Any CPU.ActiveCfg = Release|Any CPU
		{7546EC99-7F73-43AD-B490-79F8317D1A93}.Release|Any CPU.Build.0 = Release|Any CPU
		{1B72B5F7-3BB9-4B2D-9ACF-549068199890}.Debug|Any CPU.ActiveCfg = Debug|Any CPU
		{1B72B5F7-3BB9-4B2D-9ACF-549068199890}.Debug|Any CPU.Build.0 = Debug|Any CPU
		{1B72B5F7-3BB9-4B2D-9ACF-549068199890}.Release|Any CPU.ActiveCfg = Release|Any CPU
		{1B72B5F7-3BB9-4B2D-9ACF-549068199890}.Release|Any CPU.Build.0 = Release|Any CPU
		{BB1454E6-E89F-4CBF-A1CB-AFF7A18E8054}.Debug|Any CPU.ActiveCfg = Debug|Any CPU
		{BB1454E6-E89F-4CBF-A1CB-AFF7A18E8054}.Debug|Any CPU.Build.0 = Debug|Any CPU
		{BB1454E6-E89F-4CBF-A1CB-AFF7A18E8054}.Release|Any CPU.ActiveCfg = Release|Any CPU
		{BB1454E6-E89F-4CBF-A1CB-AFF7A18E8054}.Release|Any CPU.Build.0 = Release|Any CPU
		{19FED993-15C2-450B-802E-4ED28D5FAC7D}.Debug|Any CPU.ActiveCfg = Debug|Any CPU
		{19FED993-15C2-450B-802E-4ED28D5FAC7D}.Debug|Any CPU.Build.0 = Debug|Any CPU
		{19FED993-15C2-450B-802E-4ED28D5FAC7D}.Release|Any CPU.ActiveCfg = Release|Any CPU
		{19FED993-15C2-450B-802E-4ED28D5FAC7D}.Release|Any CPU.Build.0 = Release|Any CPU
		{501C2DC1-5E0E-44F4-8C81-93584BCB8CE9}.Debug|Any CPU.ActiveCfg = Debug|Any CPU
		{501C2DC1-5E0E-44F4-8C81-93584BCB8CE9}.Debug|Any CPU.Build.0 = Debug|Any CPU
		{501C2DC1-5E0E-44F4-8C81-93584BCB8CE9}.Release|Any CPU.ActiveCfg = Release|Any CPU
		{501C2DC1-5E0E-44F4-8C81-93584BCB8CE9}.Release|Any CPU.Build.0 = Release|Any CPU
		{4AB63BB5-01B1-42BA-912C-9A6BA704CBCF}.Debug|Any CPU.ActiveCfg = Debug|Any CPU
		{4AB63BB5-01B1-42BA-912C-9A6BA704CBCF}.Debug|Any CPU.Build.0 = Debug|Any CPU
		{4AB63BB5-01B1-42BA-912C-9A6BA704CBCF}.Release|Any CPU.ActiveCfg = Release|Any CPU
		{4AB63BB5-01B1-42BA-912C-9A6BA704CBCF}.Release|Any CPU.Build.0 = Release|Any CPU
		{99403958-E8B9-4316-807C-39DA6B32771E}.Debug|Any CPU.ActiveCfg = Debug|Any CPU
		{99403958-E8B9-4316-807C-39DA6B32771E}.Debug|Any CPU.Build.0 = Debug|Any CPU
		{99403958-E8B9-4316-807C-39DA6B32771E}.Release|Any CPU.ActiveCfg = Release|Any CPU
		{99403958-E8B9-4316-807C-39DA6B32771E}.Release|Any CPU.Build.0 = Release|Any CPU
		{6C8F9E65-A819-467D-BEA2-91049CFE459A}.Debug|Any CPU.ActiveCfg = Debug|Any CPU
		{6C8F9E65-A819-467D-BEA2-91049CFE459A}.Debug|Any CPU.Build.0 = Debug|Any CPU
		{6C8F9E65-A819-467D-BEA2-91049CFE459A}.Release|Any CPU.ActiveCfg = Release|Any CPU
		{6C8F9E65-A819-467D-BEA2-91049CFE459A}.Release|Any CPU.Build.0 = Release|Any CPU
		{7A5134D6-1FFF-40B4-9F68-EC8E1F4D5185}.Debug|Any CPU.ActiveCfg = Debug|Any CPU
		{7A5134D6-1FFF-40B4-9F68-EC8E1F4D5185}.Debug|Any CPU.Build.0 = Debug|Any CPU
		{7A5134D6-1FFF-40B4-9F68-EC8E1F4D5185}.Release|Any CPU.ActiveCfg = Release|Any CPU
		{7A5134D6-1FFF-40B4-9F68-EC8E1F4D5185}.Release|Any CPU.Build.0 = Release|Any CPU
		{0A78C035-2134-45DA-BE36-8B2B09FED86D}.Debug|Any CPU.ActiveCfg = Debug|Any CPU
		{0A78C035-2134-45DA-BE36-8B2B09FED86D}.Debug|Any CPU.Build.0 = Debug|Any CPU
		{0A78C035-2134-45DA-BE36-8B2B09FED86D}.Release|Any CPU.ActiveCfg = Debug|Any CPU
		{0A78C035-2134-45DA-BE36-8B2B09FED86D}.Release|Any CPU.Build.0 = Debug|Any CPU
		{672BF23A-1A69-4E89-9BCB-4E3CA5780541}.Debug|Any CPU.ActiveCfg = Debug|Any CPU
		{672BF23A-1A69-4E89-9BCB-4E3CA5780541}.Debug|Any CPU.Build.0 = Debug|Any CPU
		{672BF23A-1A69-4E89-9BCB-4E3CA5780541}.Release|Any CPU.ActiveCfg = Release|Any CPU
		{672BF23A-1A69-4E89-9BCB-4E3CA5780541}.Release|Any CPU.Build.0 = Release|Any CPU
		{E824FFCC-705E-4CF6-8710-142395937FCB}.Debug|Any CPU.ActiveCfg = Debug|Any CPU
		{E824FFCC-705E-4CF6-8710-142395937FCB}.Debug|Any CPU.Build.0 = Debug|Any CPU
		{E824FFCC-705E-4CF6-8710-142395937FCB}.Release|Any CPU.ActiveCfg = Release|Any CPU
		{E824FFCC-705E-4CF6-8710-142395937FCB}.Release|Any CPU.Build.0 = Release|Any CPU
		{EC27BBA4-030C-4853-9FB2-A075654B28FA}.Debug|Any CPU.ActiveCfg = Debug|Any CPU
		{EC27BBA4-030C-4853-9FB2-A075654B28FA}.Debug|Any CPU.Build.0 = Debug|Any CPU
		{EC27BBA4-030C-4853-9FB2-A075654B28FA}.Release|Any CPU.ActiveCfg = Release|Any CPU
		{EC27BBA4-030C-4853-9FB2-A075654B28FA}.Release|Any CPU.Build.0 = Release|Any CPU
		{20908989-7773-493B-B1BD-764BE322A935}.Debug|Any CPU.ActiveCfg = Debug|Any CPU
		{20908989-7773-493B-B1BD-764BE322A935}.Debug|Any CPU.Build.0 = Debug|Any CPU
		{20908989-7773-493B-B1BD-764BE322A935}.Release|Any CPU.ActiveCfg = Release|Any CPU
		{20908989-7773-493B-B1BD-764BE322A935}.Release|Any CPU.Build.0 = Release|Any CPU
		{A587C7B0-981B-4BBE-8B8E-462D477C48E4}.Debug|Any CPU.ActiveCfg = Debug|Any CPU
		{A587C7B0-981B-4BBE-8B8E-462D477C48E4}.Debug|Any CPU.Build.0 = Debug|Any CPU
		{A587C7B0-981B-4BBE-8B8E-462D477C48E4}.Release|Any CPU.ActiveCfg = Release|Any CPU
		{A587C7B0-981B-4BBE-8B8E-462D477C48E4}.Release|Any CPU.Build.0 = Release|Any CPU
		{2CFDFCA0-A3FC-4DDE-8448-1769A6E24825}.Debug|Any CPU.ActiveCfg = Debug|Any CPU
		{2CFDFCA0-A3FC-4DDE-8448-1769A6E24825}.Debug|Any CPU.Build.0 = Debug|Any CPU
		{2CFDFCA0-A3FC-4DDE-8448-1769A6E24825}.Release|Any CPU.ActiveCfg = Release|Any CPU
		{2CFDFCA0-A3FC-4DDE-8448-1769A6E24825}.Release|Any CPU.Build.0 = Release|Any CPU
		{59E451EA-4E7A-408A-9F5C-36F2AC8D90AD}.Debug|Any CPU.ActiveCfg = Debug|Any CPU
		{59E451EA-4E7A-408A-9F5C-36F2AC8D90AD}.Debug|Any CPU.Build.0 = Debug|Any CPU
		{59E451EA-4E7A-408A-9F5C-36F2AC8D90AD}.Release|Any CPU.ActiveCfg = Release|Any CPU
		{59E451EA-4E7A-408A-9F5C-36F2AC8D90AD}.Release|Any CPU.Build.0 = Release|Any CPU
		{F2391E96-3195-4F5C-8941-8D3FFFE0B4BC}.Debug|Any CPU.ActiveCfg = Debug|Any CPU
		{F2391E96-3195-4F5C-8941-8D3FFFE0B4BC}.Debug|Any CPU.Build.0 = Debug|Any CPU
		{F2391E96-3195-4F5C-8941-8D3FFFE0B4BC}.Release|Any CPU.ActiveCfg = Release|Any CPU
		{F2391E96-3195-4F5C-8941-8D3FFFE0B4BC}.Release|Any CPU.Build.0 = Release|Any CPU
		{6DB1BDD3-4EE3-4259-B459-62F54591995E}.Debug|Any CPU.ActiveCfg = Debug|Any CPU
		{6DB1BDD3-4EE3-4259-B459-62F54591995E}.Debug|Any CPU.Build.0 = Debug|Any CPU
		{6DB1BDD3-4EE3-4259-B459-62F54591995E}.Release|Any CPU.ActiveCfg = Release|Any CPU
		{6DB1BDD3-4EE3-4259-B459-62F54591995E}.Release|Any CPU.Build.0 = Release|Any CPU
	EndGlobalSection
	GlobalSection(SolutionProperties) = preSolution
		HideSolutionNode = FALSE
	EndGlobalSection
	GlobalSection(NestedProjects) = preSolution
		{AB19409B-693D-4EFB-A445-C8B4820A1C27} = {A3C4F46C-4406-4FF4-AF81-D20F7CC0D08F}
		{672BF23A-1A69-4E89-9BCB-4E3CA5780541} = {A3C4F46C-4406-4FF4-AF81-D20F7CC0D08F}
		{7C765658-1C2D-40D2-8388-1DF1790A3FED} = {A3C4F46C-4406-4FF4-AF81-D20F7CC0D08F}
		{E824FFCC-705E-4CF6-8710-142395937FCB} = {459C0B54-9AAD-4A67-8A07-9AEC3B02E178}
		{EC27BBA4-030C-4853-9FB2-A075654B28FA} = {459C0B54-9AAD-4A67-8A07-9AEC3B02E178}
		{20908989-7773-493B-B1BD-764BE322A935} = {459C0B54-9AAD-4A67-8A07-9AEC3B02E178}
		{A587C7B0-981B-4BBE-8B8E-462D477C48E4} = {459C0B54-9AAD-4A67-8A07-9AEC3B02E178}
		{2CFDFCA0-A3FC-4DDE-8448-1769A6E24825} = {459C0B54-9AAD-4A67-8A07-9AEC3B02E178}
		{59E451EA-4E7A-408A-9F5C-36F2AC8D90AD} = {459C0B54-9AAD-4A67-8A07-9AEC3B02E178}
		{F2391E96-3195-4F5C-8941-8D3FFFE0B4BC} = {459C0B54-9AAD-4A67-8A07-9AEC3B02E178}
		{6DB1BDD3-4EE3-4259-B459-62F54591995E} = {459C0B54-9AAD-4A67-8A07-9AEC3B02E178}
	EndGlobalSection
EndGlobal
